// !$*UTF8*$!
{
	archiveVersion = 1;
	classes = {
	};
	objectVersion = 56;
	objects = {

/* Begin PBXBuildFile section */
		248AF1482D38F0B900620B7E /* CMECodeChallengeApp.swift in Sources */ = {isa = PBXBuildFile; fileRef = 248AF1472D38F0B900620B7E /* CMECodeChallengeApp.swift */; };
		248AF14C2D38F0BC00620B7E /* Assets.xcassets in Resources */ = {isa = PBXBuildFile; fileRef = 248AF14B2D38F0BC00620B7E /* Assets.xcassets */; };
		248AF1502D38F0BC00620B7E /* Preview Assets.xcassets in Resources */ = {isa = PBXBuildFile; fileRef = 248AF14F2D38F0BC00620B7E /* Preview Assets.xcassets */; };
		248AF1742D38F67400620B7E /* NetworkManager.swift in Sources */ = {isa = PBXBuildFile; fileRef = 248AF1732D38F67400620B7E /* NetworkManager.swift */; };
		248AF1772D38F6F800620B7E /* CountryListView.swift in Sources */ = {isa = PBXBuildFile; fileRef = 248AF1762D38F6F800620B7E /* CountryListView.swift */; };
		248AF1842D38FA3700620B7E /* Country.swift in Sources */ = {isa = PBXBuildFile; fileRef = 248AF1832D38FA3700620B7E /* Country.swift */; };
		248AF1872D38FBDE00620B7E /* NetworkError.swift in Sources */ = {isa = PBXBuildFile; fileRef = 248AF1862D38FBDE00620B7E /* NetworkError.swift */; };
		248AF1892D38FC1B00620B7E /* AllCountriesEndPoint.swift in Sources */ = {isa = PBXBuildFile; fileRef = 248AF1882D38FC1B00620B7E /* AllCountriesEndPoint.swift */; };
		248AF18B2D39065A00620B7E /* CountryListViewModel.swift in Sources */ = {isa = PBXBuildFile; fileRef = 248AF18A2D39065A00620B7E /* CountryListViewModel.swift */; };
		248AF18E2D3907FA00620B7E /* EndPointProtocol.swift in Sources */ = {isa = PBXBuildFile; fileRef = 248AF18D2D3907FA00620B7E /* EndPointProtocol.swift */; };
		248AF1902D390A4900620B7E /* FetchCountriesUseCaseProtocol.swift in Sources */ = {isa = PBXBuildFile; fileRef = 248AF18F2D390A4900620B7E /* FetchCountriesUseCaseProtocol.swift */; };
		248AF1922D390A7600620B7E /* FetchCountriesUseCase.swift in Sources */ = {isa = PBXBuildFile; fileRef = 248AF1912D390A7600620B7E /* FetchCountriesUseCase.swift */; };
		248AF1942D390A9900620B7E /* CountryRepositoryProtocol.swift in Sources */ = {isa = PBXBuildFile; fileRef = 248AF1932D390A9900620B7E /* CountryRepositoryProtocol.swift */; };
		248AF1962D390ABC00620B7E /* CountryRepository.swift in Sources */ = {isa = PBXBuildFile; fileRef = 248AF1952D390ABC00620B7E /* CountryRepository.swift */; };
		248AF1982D390AD300620B7E /* CountryServiceProtocol.swift in Sources */ = {isa = PBXBuildFile; fileRef = 248AF1972D390AD300620B7E /* CountryServiceProtocol.swift */; };
		248AF19A2D390AEB00620B7E /* CountryService.swift in Sources */ = {isa = PBXBuildFile; fileRef = 248AF1992D390AEB00620B7E /* CountryService.swift */; };
		248AF19C2D390B1400620B7E /* NetworkManagerProtocol.swift in Sources */ = {isa = PBXBuildFile; fileRef = 248AF19B2D390B1400620B7E /* NetworkManagerProtocol.swift */; };
		248AF19E2D39107300620B7E /* LocalDataSource.swift in Sources */ = {isa = PBXBuildFile; fileRef = 248AF19D2D39107300620B7E /* LocalDataSource.swift */; };
		248AF1A02D3910C900620B7E /* LocalDataSourceProtocol.swift in Sources */ = {isa = PBXBuildFile; fileRef = 248AF19F2D3910C900620B7E /* LocalDataSourceProtocol.swift */; };
		248AF1A22D3910E500620B7E /* RemoteDataSourceProtocol.swift in Sources */ = {isa = PBXBuildFile; fileRef = 248AF1A12D3910E500620B7E /* RemoteDataSourceProtocol.swift */; };
		248AF1A42D39115C00620B7E /* RemoteDataSource.swift in Sources */ = {isa = PBXBuildFile; fileRef = 248AF1A32D39115C00620B7E /* RemoteDataSource.swift */; };
		248AF1AA2D3919C200620B7E /* CountryListViewModel+Location.swift in Sources */ = {isa = PBXBuildFile; fileRef = 248AF1A92D3919C200620B7E /* CountryListViewModel+Location.swift */; };
		248AF1AE2D395A1B00620B7E /* MockNetworkManager.swift in Sources */ = {isa = PBXBuildFile; fileRef = 248AF1AD2D395A1B00620B7E /* MockNetworkManager.swift */; };
		248AF1B02D395A5C00620B7E /* MockLocalDataSource.swift in Sources */ = {isa = PBXBuildFile; fileRef = 248AF1AF2D395A5C00620B7E /* MockLocalDataSource.swift */; };
		248AF1B22D395A7200620B7E /* MockCountryRepository.swift in Sources */ = {isa = PBXBuildFile; fileRef = 248AF1B12D395A7200620B7E /* MockCountryRepository.swift */; };
		248AF1B42D395A8D00620B7E /* MockFetchCountriesUseCase.swift in Sources */ = {isa = PBXBuildFile; fileRef = 248AF1B32D395A8D00620B7E /* MockFetchCountriesUseCase.swift */; };
		248AF1B62D395ABD00620B7E /* MockCountryService.swift in Sources */ = {isa = PBXBuildFile; fileRef = 248AF1B52D395ABD00620B7E /* MockCountryService.swift */; };
		248AF1BB2D395B5700620B7E /* CountryListViewModelTests.swift in Sources */ = {isa = PBXBuildFile; fileRef = 248AF1BA2D395B5700620B7E /* CountryListViewModelTests.swift */; };
		248AF1C22D395C7100620B7E /* FetchCountriesUseCaseTests.swift in Sources */ = {isa = PBXBuildFile; fileRef = 248AF1C12D395C7100620B7E /* FetchCountriesUseCaseTests.swift */; };
		248AF1C52D395CBE00620B7E /* CountryRepositoryTests.swift in Sources */ = {isa = PBXBuildFile; fileRef = 248AF1C42D395CBE00620B7E /* CountryRepositoryTests.swift */; };
		248AF1C72D395D9600620B7E /* CountryServiceTests.swift in Sources */ = {isa = PBXBuildFile; fileRef = 248AF1C62D395D9600620B7E /* CountryServiceTests.swift */; };
		248AF1D12D3A61BE00620B7E /* MockGetCountriesEndPoint.swift in Sources */ = {isa = PBXBuildFile; fileRef = 248AF1D02D3A61BE00620B7E /* MockGetCountriesEndPoint.swift */; };
		248AF1D52D3A8BC600620B7E /* MockRemoteDataSource.swift in Sources */ = {isa = PBXBuildFile; fileRef = 248AF1D42D3A8BC600620B7E /* MockRemoteDataSource.swift */; };
		248AF1D72D3A986200620B7E /* CountriesListSuccessResponse.json in Resources */ = {isa = PBXBuildFile; fileRef = 248AF1D62D3A986200620B7E /* CountriesListSuccessResponse.json */; };
		248AF1D92D3A9A8900620B7E /* CountriesListFailureResponse.json in Resources */ = {isa = PBXBuildFile; fileRef = 248AF1D82D3A9A8900620B7E /* CountriesListFailureResponse.json */; };
		248AF1DC2D3AAF1600620B7E /* ViewState.swift in Sources */ = {isa = PBXBuildFile; fileRef = 248AF1DB2D3AAF1600620B7E /* ViewState.swift */; };
/* End PBXBuildFile section */

/* Begin PBXContainerItemProxy section */
		248AF1562D38F0BD00620B7E /* PBXContainerItemProxy */ = {
			isa = PBXContainerItemProxy;
			containerPortal = 248AF13C2D38F0B900620B7E /* Project object */;
			proxyType = 1;
			remoteGlobalIDString = 248AF1432D38F0B900620B7E;
			remoteInfo = CMECodeChallenge;
		};
/* End PBXContainerItemProxy section */

/* Begin PBXFileReference section */
		248AF1442D38F0B900620B7E /* CMECodeChallenge.app */ = {isa = PBXFileReference; explicitFileType = wrapper.application; includeInIndex = 0; path = CMECodeChallenge.app; sourceTree = BUILT_PRODUCTS_DIR; };
		248AF1472D38F0B900620B7E /* CMECodeChallengeApp.swift */ = {isa = PBXFileReference; lastKnownFileType = sourcecode.swift; path = CMECodeChallengeApp.swift; sourceTree = "<group>"; };
		248AF14B2D38F0BC00620B7E /* Assets.xcassets */ = {isa = PBXFileReference; lastKnownFileType = folder.assetcatalog; path = Assets.xcassets; sourceTree = "<group>"; };
		248AF14D2D38F0BC00620B7E /* CMECodeChallenge.entitlements */ = {isa = PBXFileReference; lastKnownFileType = text.plist.entitlements; path = CMECodeChallenge.entitlements; sourceTree = "<group>"; };
		248AF14F2D38F0BC00620B7E /* Preview Assets.xcassets */ = {isa = PBXFileReference; lastKnownFileType = folder.assetcatalog; path = "Preview Assets.xcassets"; sourceTree = "<group>"; };
		248AF1552D38F0BD00620B7E /* CMECodeChallengeTests.xctest */ = {isa = PBXFileReference; explicitFileType = wrapper.cfbundle; includeInIndex = 0; path = CMECodeChallengeTests.xctest; sourceTree = BUILT_PRODUCTS_DIR; };
		248AF1732D38F67400620B7E /* NetworkManager.swift */ = {isa = PBXFileReference; lastKnownFileType = sourcecode.swift; path = NetworkManager.swift; sourceTree = "<group>"; };
		248AF1762D38F6F800620B7E /* CountryListView.swift */ = {isa = PBXFileReference; lastKnownFileType = sourcecode.swift; path = CountryListView.swift; sourceTree = "<group>"; };
		248AF1832D38FA3700620B7E /* Country.swift */ = {isa = PBXFileReference; lastKnownFileType = sourcecode.swift; path = Country.swift; sourceTree = "<group>"; };
		248AF1862D38FBDE00620B7E /* NetworkError.swift */ = {isa = PBXFileReference; lastKnownFileType = sourcecode.swift; path = NetworkError.swift; sourceTree = "<group>"; };
		248AF1882D38FC1B00620B7E /* AllCountriesEndPoint.swift */ = {isa = PBXFileReference; lastKnownFileType = sourcecode.swift; path = AllCountriesEndPoint.swift; sourceTree = "<group>"; };
		248AF18A2D39065A00620B7E /* CountryListViewModel.swift */ = {isa = PBXFileReference; lastKnownFileType = sourcecode.swift; path = CountryListViewModel.swift; sourceTree = "<group>"; };
		248AF18D2D3907FA00620B7E /* EndPointProtocol.swift */ = {isa = PBXFileReference; lastKnownFileType = sourcecode.swift; path = EndPointProtocol.swift; sourceTree = "<group>"; };
		248AF18F2D390A4900620B7E /* FetchCountriesUseCaseProtocol.swift */ = {isa = PBXFileReference; lastKnownFileType = sourcecode.swift; path = FetchCountriesUseCaseProtocol.swift; sourceTree = "<group>"; };
		248AF1912D390A7600620B7E /* FetchCountriesUseCase.swift */ = {isa = PBXFileReference; lastKnownFileType = sourcecode.swift; path = FetchCountriesUseCase.swift; sourceTree = "<group>"; };
		248AF1932D390A9900620B7E /* CountryRepositoryProtocol.swift */ = {isa = PBXFileReference; lastKnownFileType = sourcecode.swift; path = CountryRepositoryProtocol.swift; sourceTree = "<group>"; };
		248AF1952D390ABC00620B7E /* CountryRepository.swift */ = {isa = PBXFileReference; lastKnownFileType = sourcecode.swift; path = CountryRepository.swift; sourceTree = "<group>"; };
		248AF1972D390AD300620B7E /* CountryServiceProtocol.swift */ = {isa = PBXFileReference; lastKnownFileType = sourcecode.swift; path = CountryServiceProtocol.swift; sourceTree = "<group>"; };
		248AF1992D390AEB00620B7E /* CountryService.swift */ = {isa = PBXFileReference; lastKnownFileType = sourcecode.swift; path = CountryService.swift; sourceTree = "<group>"; };
		248AF19B2D390B1400620B7E /* NetworkManagerProtocol.swift */ = {isa = PBXFileReference; lastKnownFileType = sourcecode.swift; path = NetworkManagerProtocol.swift; sourceTree = "<group>"; };
		248AF19D2D39107300620B7E /* LocalDataSource.swift */ = {isa = PBXFileReference; lastKnownFileType = sourcecode.swift; path = LocalDataSource.swift; sourceTree = "<group>"; };
		248AF19F2D3910C900620B7E /* LocalDataSourceProtocol.swift */ = {isa = PBXFileReference; lastKnownFileType = sourcecode.swift; path = LocalDataSourceProtocol.swift; sourceTree = "<group>"; };
		248AF1A12D3910E500620B7E /* RemoteDataSourceProtocol.swift */ = {isa = PBXFileReference; lastKnownFileType = sourcecode.swift; path = RemoteDataSourceProtocol.swift; sourceTree = "<group>"; };
		248AF1A32D39115C00620B7E /* RemoteDataSource.swift */ = {isa = PBXFileReference; lastKnownFileType = sourcecode.swift; path = RemoteDataSource.swift; sourceTree = "<group>"; };
		248AF1A92D3919C200620B7E /* CountryListViewModel+Location.swift */ = {isa = PBXFileReference; lastKnownFileType = sourcecode.swift; path = "CountryListViewModel+Location.swift"; sourceTree = "<group>"; };
		248AF1AD2D395A1B00620B7E /* MockNetworkManager.swift */ = {isa = PBXFileReference; lastKnownFileType = sourcecode.swift; path = MockNetworkManager.swift; sourceTree = "<group>"; };
		248AF1AF2D395A5C00620B7E /* MockLocalDataSource.swift */ = {isa = PBXFileReference; lastKnownFileType = sourcecode.swift; path = MockLocalDataSource.swift; sourceTree = "<group>"; };
		248AF1B12D395A7200620B7E /* MockCountryRepository.swift */ = {isa = PBXFileReference; lastKnownFileType = sourcecode.swift; path = MockCountryRepository.swift; sourceTree = "<group>"; };
		248AF1B32D395A8D00620B7E /* MockFetchCountriesUseCase.swift */ = {isa = PBXFileReference; lastKnownFileType = sourcecode.swift; path = MockFetchCountriesUseCase.swift; sourceTree = "<group>"; };
		248AF1B52D395ABD00620B7E /* MockCountryService.swift */ = {isa = PBXFileReference; lastKnownFileType = sourcecode.swift; path = MockCountryService.swift; sourceTree = "<group>"; };
		248AF1BA2D395B5700620B7E /* CountryListViewModelTests.swift */ = {isa = PBXFileReference; lastKnownFileType = sourcecode.swift; path = CountryListViewModelTests.swift; sourceTree = "<group>"; };
		248AF1C12D395C7100620B7E /* FetchCountriesUseCaseTests.swift */ = {isa = PBXFileReference; lastKnownFileType = sourcecode.swift; path = FetchCountriesUseCaseTests.swift; sourceTree = "<group>"; };
		248AF1C42D395CBE00620B7E /* CountryRepositoryTests.swift */ = {isa = PBXFileReference; lastKnownFileType = sourcecode.swift; path = CountryRepositoryTests.swift; sourceTree = "<group>"; };
		248AF1C62D395D9600620B7E /* CountryServiceTests.swift */ = {isa = PBXFileReference; lastKnownFileType = sourcecode.swift; path = CountryServiceTests.swift; sourceTree = "<group>"; };
		248AF1D02D3A61BE00620B7E /* MockGetCountriesEndPoint.swift */ = {isa = PBXFileReference; lastKnownFileType = sourcecode.swift; path = MockGetCountriesEndPoint.swift; sourceTree = "<group>"; };
		248AF1D42D3A8BC600620B7E /* MockRemoteDataSource.swift */ = {isa = PBXFileReference; lastKnownFileType = sourcecode.swift; path = MockRemoteDataSource.swift; sourceTree = "<group>"; };
		248AF1D62D3A986200620B7E /* CountriesListSuccessResponse.json */ = {isa = PBXFileReference; fileEncoding = 4; lastKnownFileType = text.json; path = CountriesListSuccessResponse.json; sourceTree = "<group>"; };
		248AF1D82D3A9A8900620B7E /* CountriesListFailureResponse.json */ = {isa = PBXFileReference; fileEncoding = 4; lastKnownFileType = text.json; path = CountriesListFailureResponse.json; sourceTree = "<group>"; };
		248AF1DB2D3AAF1600620B7E /* ViewState.swift */ = {isa = PBXFileReference; lastKnownFileType = sourcecode.swift; path = ViewState.swift; sourceTree = "<group>"; };
/* End PBXFileReference section */

/* Begin PBXFrameworksBuildPhase section */
		248AF1412D38F0B900620B7E /* Frameworks */ = {
			isa = PBXFrameworksBuildPhase;
			buildActionMask = 2147483647;
			files = (
			);
			runOnlyForDeploymentPostprocessing = 0;
		};
		248AF1522D38F0BD00620B7E /* Frameworks */ = {
			isa = PBXFrameworksBuildPhase;
			buildActionMask = 2147483647;
			files = (
			);
			runOnlyForDeploymentPostprocessing = 0;
		};
/* End PBXFrameworksBuildPhase section */

/* Begin PBXGroup section */
		248AF13B2D38F0B900620B7E = {
			isa = PBXGroup;
			children = (
				248AF1462D38F0B900620B7E /* CMECodeChallenge */,
				248AF1582D38F0BD00620B7E /* CMECodeChallengeTests */,
				248AF1452D38F0B900620B7E /* Products */,
			);
			sourceTree = "<group>";
		};
		248AF1452D38F0B900620B7E /* Products */ = {
			isa = PBXGroup;
			children = (
				248AF1442D38F0B900620B7E /* CMECodeChallenge.app */,
				248AF1552D38F0BD00620B7E /* CMECodeChallengeTests.xctest */,
			);
			name = Products;
			sourceTree = "<group>";
		};
		248AF1462D38F0B900620B7E /* CMECodeChallenge */ = {
			isa = PBXGroup;
			children = (
				248AF1A62D39186300620B7E /* Core */,
				248AF1752D38F6E500620B7E /* Screens */,
				248AF1472D38F0B900620B7E /* CMECodeChallengeApp.swift */,
				248AF14B2D38F0BC00620B7E /* Assets.xcassets */,
				248AF14D2D38F0BC00620B7E /* CMECodeChallenge.entitlements */,
				248AF14E2D38F0BC00620B7E /* Preview Content */,
			);
			path = CMECodeChallenge;
			sourceTree = "<group>";
		};
		248AF14E2D38F0BC00620B7E /* Preview Content */ = {
			isa = PBXGroup;
			children = (
				248AF14F2D38F0BC00620B7E /* Preview Assets.xcassets */,
			);
			path = "Preview Content";
			sourceTree = "<group>";
		};
		248AF1582D38F0BD00620B7E /* CMECodeChallengeTests */ = {
			isa = PBXGroup;
			children = (
				248AF1CC2D3A603D00620B7E /* Json Files */,
				248AF1AB2D395A0000620B7E /* Screens */,
			);
			path = CMECodeChallengeTests;
			sourceTree = "<group>";
		};
		248AF1722D38F64E00620B7E /* Network */ = {
			isa = PBXGroup;
			children = (
				248AF18C2D3907E600620B7E /* Interfaces */,
				248AF1852D38FBC900620B7E /* Entities */,
				248AF1732D38F67400620B7E /* NetworkManager.swift */,
			);
			path = Network;
			sourceTree = "<group>";
		};
		248AF1752D38F6E500620B7E /* Screens */ = {
			isa = PBXGroup;
			children = (
				248AF1782D38F7DC00620B7E /* CountryListScreen */,
			);
			path = Screens;
			sourceTree = "<group>";
		};
		248AF1782D38F7DC00620B7E /* CountryListScreen */ = {
			isa = PBXGroup;
			children = (
				248AF17D2D38F94300620B7E /* Data */,
				248AF17C2D38F93C00620B7E /* Domain */,
				248AF1792D38F91D00620B7E /* Presentation */,
			);
			path = CountryListScreen;
			sourceTree = "<group>";
		};
		248AF1792D38F91D00620B7E /* Presentation */ = {
			isa = PBXGroup;
			children = (
				248AF17B2D38F93400620B7E /* ViewModel */,
				248AF17A2D38F92C00620B7E /* View */,
			);
			path = Presentation;
			sourceTree = "<group>";
		};
		248AF17A2D38F92C00620B7E /* View */ = {
			isa = PBXGroup;
			children = (
				248AF1762D38F6F800620B7E /* CountryListView.swift */,
			);
			path = View;
			sourceTree = "<group>";
		};
		248AF17B2D38F93400620B7E /* ViewModel */ = {
			isa = PBXGroup;
			children = (
				248AF18A2D39065A00620B7E /* CountryListViewModel.swift */,
				248AF1A92D3919C200620B7E /* CountryListViewModel+Location.swift */,
			);
			path = ViewModel;
			sourceTree = "<group>";
		};
		248AF17C2D38F93C00620B7E /* Domain */ = {
			isa = PBXGroup;
			children = (
				248AF1802D38F9BB00620B7E /* Use Cases */,
				248AF17F2D38F9B100620B7E /* Interfaces */,
				248AF17E2D38F9A800620B7E /* Entities */,
			);
			path = Domain;
			sourceTree = "<group>";
		};
		248AF17D2D38F94300620B7E /* Data */ = {
			isa = PBXGroup;
			children = (
				248AF1822D38F9D200620B7E /* Repository */,
				248AF1812D38F9CA00620B7E /* Service */,
			);
			path = Data;
			sourceTree = "<group>";
		};
		248AF17E2D38F9A800620B7E /* Entities */ = {
			isa = PBXGroup;
			children = (
				248AF1832D38FA3700620B7E /* Country.swift */,
				248AF1882D38FC1B00620B7E /* AllCountriesEndPoint.swift */,
				248AF1DB2D3AAF1600620B7E /* ViewState.swift */,
			);
			path = Entities;
			sourceTree = "<group>";
		};
		248AF17F2D38F9B100620B7E /* Interfaces */ = {
			isa = PBXGroup;
			children = (
				248AF18F2D390A4900620B7E /* FetchCountriesUseCaseProtocol.swift */,
				248AF1932D390A9900620B7E /* CountryRepositoryProtocol.swift */,
				248AF1972D390AD300620B7E /* CountryServiceProtocol.swift */,
				248AF19F2D3910C900620B7E /* LocalDataSourceProtocol.swift */,
				248AF1A12D3910E500620B7E /* RemoteDataSourceProtocol.swift */,
			);
			path = Interfaces;
			sourceTree = "<group>";
		};
		248AF1802D38F9BB00620B7E /* Use Cases */ = {
			isa = PBXGroup;
			children = (
				248AF1912D390A7600620B7E /* FetchCountriesUseCase.swift */,
			);
			path = "Use Cases";
			sourceTree = "<group>";
		};
		248AF1812D38F9CA00620B7E /* Service */ = {
			isa = PBXGroup;
			children = (
				248AF1992D390AEB00620B7E /* CountryService.swift */,
			);
			path = Service;
			sourceTree = "<group>";
		};
		248AF1822D38F9D200620B7E /* Repository */ = {
			isa = PBXGroup;
			children = (
				248AF1952D390ABC00620B7E /* CountryRepository.swift */,
				248AF19D2D39107300620B7E /* LocalDataSource.swift */,
				248AF1A32D39115C00620B7E /* RemoteDataSource.swift */,
			);
			path = Repository;
			sourceTree = "<group>";
		};
		248AF1852D38FBC900620B7E /* Entities */ = {
			isa = PBXGroup;
			children = (
				248AF1862D38FBDE00620B7E /* NetworkError.swift */,
			);
			path = Entities;
			sourceTree = "<group>";
		};
		248AF18C2D3907E600620B7E /* Interfaces */ = {
			isa = PBXGroup;
			children = (
				248AF18D2D3907FA00620B7E /* EndPointProtocol.swift */,
				248AF19B2D390B1400620B7E /* NetworkManagerProtocol.swift */,
			);
			path = Interfaces;
			sourceTree = "<group>";
		};
		248AF1A62D39186300620B7E /* Core */ = {
			isa = PBXGroup;
			children = (
				248AF1722D38F64E00620B7E /* Network */,
			);
			path = Core;
			sourceTree = "<group>";
		};
		248AF1AB2D395A0000620B7E /* Screens */ = {
			isa = PBXGroup;
			children = (
				248AF1AC2D395A0A00620B7E /* CountryListScreen */,
			);
			path = Screens;
			sourceTree = "<group>";
		};
		248AF1AC2D395A0A00620B7E /* CountryListScreen */ = {
			isa = PBXGroup;
			children = (
				248AF1B82D395B1600620B7E /* Presentation */,
				248AF1B72D395B0700620B7E /* Mocks */,
			);
			path = CountryListScreen;
			sourceTree = "<group>";
		};
		248AF1B72D395B0700620B7E /* Mocks */ = {
			isa = PBXGroup;
			children = (
				248AF1AD2D395A1B00620B7E /* MockNetworkManager.swift */,
				248AF1AF2D395A5C00620B7E /* MockLocalDataSource.swift */,
				248AF1B12D395A7200620B7E /* MockCountryRepository.swift */,
				248AF1B32D395A8D00620B7E /* MockFetchCountriesUseCase.swift */,
				248AF1B52D395ABD00620B7E /* MockCountryService.swift */,
				248AF1D02D3A61BE00620B7E /* MockGetCountriesEndPoint.swift */,
				248AF1D42D3A8BC600620B7E /* MockRemoteDataSource.swift */,
			);
			path = Mocks;
			sourceTree = "<group>";
		};
		248AF1B82D395B1600620B7E /* Presentation */ = {
			isa = PBXGroup;
			children = (
				248AF1BD2D395BA900620B7E /* Domain */,
				248AF1BC2D395BA300620B7E /* Data */,
				248AF1B92D395B2500620B7E /* ViewModel */,
			);
			path = Presentation;
			sourceTree = "<group>";
		};
		248AF1B92D395B2500620B7E /* ViewModel */ = {
			isa = PBXGroup;
			children = (
				248AF1BA2D395B5700620B7E /* CountryListViewModelTests.swift */,
			);
			path = ViewModel;
			sourceTree = "<group>";
		};
		248AF1BC2D395BA300620B7E /* Data */ = {
			isa = PBXGroup;
			children = (
				248AF1BF2D395BC500620B7E /* Service */,
				248AF1BE2D395BB500620B7E /* Repository */,
			);
			path = Data;
			sourceTree = "<group>";
		};
		248AF1BD2D395BA900620B7E /* Domain */ = {
			isa = PBXGroup;
			children = (
				248AF1C02D395BCD00620B7E /* Use Cases */,
			);
			path = Domain;
			sourceTree = "<group>";
		};
		248AF1BE2D395BB500620B7E /* Repository */ = {
			isa = PBXGroup;
			children = (
				248AF1C42D395CBE00620B7E /* CountryRepositoryTests.swift */,
			);
			path = Repository;
			sourceTree = "<group>";
		};
		248AF1BF2D395BC500620B7E /* Service */ = {
			isa = PBXGroup;
			children = (
				248AF1C62D395D9600620B7E /* CountryServiceTests.swift */,
			);
			path = Service;
			sourceTree = "<group>";
		};
		248AF1C02D395BCD00620B7E /* Use Cases */ = {
			isa = PBXGroup;
			children = (
				248AF1C12D395C7100620B7E /* FetchCountriesUseCaseTests.swift */,
			);
			path = "Use Cases";
			sourceTree = "<group>";
		};
		248AF1CC2D3A603D00620B7E /* Json Files */ = {
			isa = PBXGroup;
			children = (
				248AF1D62D3A986200620B7E /* CountriesListSuccessResponse.json */,
				248AF1D82D3A9A8900620B7E /* CountriesListFailureResponse.json */,
			);
			path = "Json Files";
			sourceTree = "<group>";
		};
/* End PBXGroup section */

/* Begin PBXNativeTarget section */
		248AF1432D38F0B900620B7E /* CMECodeChallenge */ = {
			isa = PBXNativeTarget;
			buildConfigurationList = 248AF1692D38F0BD00620B7E /* Build configuration list for PBXNativeTarget "CMECodeChallenge" */;
			buildPhases = (
				248AF1402D38F0B900620B7E /* Sources */,
				248AF1412D38F0B900620B7E /* Frameworks */,
				248AF1422D38F0B900620B7E /* Resources */,
			);
			buildRules = (
			);
			dependencies = (
			);
			name = CMECodeChallenge;
			productName = CMECodeChallenge;
			productReference = 248AF1442D38F0B900620B7E /* CMECodeChallenge.app */;
			productType = "com.apple.product-type.application";
		};
		248AF1542D38F0BD00620B7E /* CMECodeChallengeTests */ = {
			isa = PBXNativeTarget;
			buildConfigurationList = 248AF16C2D38F0BD00620B7E /* Build configuration list for PBXNativeTarget "CMECodeChallengeTests" */;
			buildPhases = (
				248AF1512D38F0BD00620B7E /* Sources */,
				248AF1522D38F0BD00620B7E /* Frameworks */,
				248AF1532D38F0BD00620B7E /* Resources */,
			);
			buildRules = (
			);
			dependencies = (
				248AF1572D38F0BD00620B7E /* PBXTargetDependency */,
			);
			name = CMECodeChallengeTests;
			productName = CMECodeChallengeTests;
			productReference = 248AF1552D38F0BD00620B7E /* CMECodeChallengeTests.xctest */;
			productType = "com.apple.product-type.bundle.unit-test";
		};
/* End PBXNativeTarget section */

/* Begin PBXProject section */
		248AF13C2D38F0B900620B7E /* Project object */ = {
			isa = PBXProject;
			attributes = {
				BuildIndependentTargetsInParallel = 1;
				LastSwiftUpdateCheck = 1500;
				LastUpgradeCheck = 1500;
				TargetAttributes = {
					248AF1432D38F0B900620B7E = {
						CreatedOnToolsVersion = 15.0.1;
					};
					248AF1542D38F0BD00620B7E = {
						CreatedOnToolsVersion = 15.0.1;
						TestTargetID = 248AF1432D38F0B900620B7E;
					};
				};
			};
			buildConfigurationList = 248AF13F2D38F0B900620B7E /* Build configuration list for PBXProject "CMECodeChallenge" */;
			compatibilityVersion = "Xcode 14.0";
			developmentRegion = en;
			hasScannedForEncodings = 0;
			knownRegions = (
				en,
				Base,
			);
			mainGroup = 248AF13B2D38F0B900620B7E;
			productRefGroup = 248AF1452D38F0B900620B7E /* Products */;
			projectDirPath = "";
			projectRoot = "";
			targets = (
				248AF1432D38F0B900620B7E /* CMECodeChallenge */,
				248AF1542D38F0BD00620B7E /* CMECodeChallengeTests */,
			);
		};
/* End PBXProject section */

/* Begin PBXResourcesBuildPhase section */
		248AF1422D38F0B900620B7E /* Resources */ = {
			isa = PBXResourcesBuildPhase;
			buildActionMask = 2147483647;
			files = (
				248AF1502D38F0BC00620B7E /* Preview Assets.xcassets in Resources */,
				248AF14C2D38F0BC00620B7E /* Assets.xcassets in Resources */,
			);
			runOnlyForDeploymentPostprocessing = 0;
		};
		248AF1532D38F0BD00620B7E /* Resources */ = {
			isa = PBXResourcesBuildPhase;
			buildActionMask = 2147483647;
			files = (
				248AF1D72D3A986200620B7E /* CountriesListSuccessResponse.json in Resources */,
				248AF1D92D3A9A8900620B7E /* CountriesListFailureResponse.json in Resources */,
			);
			runOnlyForDeploymentPostprocessing = 0;
		};
/* End PBXResourcesBuildPhase section */

/* Begin PBXSourcesBuildPhase section */
		248AF1402D38F0B900620B7E /* Sources */ = {
			isa = PBXSourcesBuildPhase;
			buildActionMask = 2147483647;
			files = (
				248AF1772D38F6F800620B7E /* CountryListView.swift in Sources */,
				248AF1962D390ABC00620B7E /* CountryRepository.swift in Sources */,
				248AF1842D38FA3700620B7E /* Country.swift in Sources */,
				248AF1742D38F67400620B7E /* NetworkManager.swift in Sources */,
				248AF1922D390A7600620B7E /* FetchCountriesUseCase.swift in Sources */,
				248AF19E2D39107300620B7E /* LocalDataSource.swift in Sources */,
				248AF1942D390A9900620B7E /* CountryRepositoryProtocol.swift in Sources */,
				248AF1A22D3910E500620B7E /* RemoteDataSourceProtocol.swift in Sources */,
				248AF1892D38FC1B00620B7E /* AllCountriesEndPoint.swift in Sources */,
				248AF18E2D3907FA00620B7E /* EndPointProtocol.swift in Sources */,
				248AF1482D38F0B900620B7E /* CMECodeChallengeApp.swift in Sources */,
				248AF19A2D390AEB00620B7E /* CountryService.swift in Sources */,
				248AF1A02D3910C900620B7E /* LocalDataSourceProtocol.swift in Sources */,
				248AF1DC2D3AAF1600620B7E /* ViewState.swift in Sources */,
				248AF19C2D390B1400620B7E /* NetworkManagerProtocol.swift in Sources */,
				248AF1902D390A4900620B7E /* FetchCountriesUseCaseProtocol.swift in Sources */,
				248AF1AA2D3919C200620B7E /* CountryListViewModel+Location.swift in Sources */,
				248AF1982D390AD300620B7E /* CountryServiceProtocol.swift in Sources */,
				248AF1872D38FBDE00620B7E /* NetworkError.swift in Sources */,
				248AF1A42D39115C00620B7E /* RemoteDataSource.swift in Sources */,
				248AF18B2D39065A00620B7E /* CountryListViewModel.swift in Sources */,
			);
			runOnlyForDeploymentPostprocessing = 0;
		};
		248AF1512D38F0BD00620B7E /* Sources */ = {
			isa = PBXSourcesBuildPhase;
			buildActionMask = 2147483647;
			files = (
				248AF1D12D3A61BE00620B7E /* MockGetCountriesEndPoint.swift in Sources */,
				248AF1B22D395A7200620B7E /* MockCountryRepository.swift in Sources */,
				248AF1C72D395D9600620B7E /* CountryServiceTests.swift in Sources */,
				248AF1C22D395C7100620B7E /* FetchCountriesUseCaseTests.swift in Sources */,
				248AF1C52D395CBE00620B7E /* CountryRepositoryTests.swift in Sources */,
				248AF1B42D395A8D00620B7E /* MockFetchCountriesUseCase.swift in Sources */,
				248AF1B02D395A5C00620B7E /* MockLocalDataSource.swift in Sources */,
				248AF1D52D3A8BC600620B7E /* MockRemoteDataSource.swift in Sources */,
				248AF1BB2D395B5700620B7E /* CountryListViewModelTests.swift in Sources */,
				248AF1B62D395ABD00620B7E /* MockCountryService.swift in Sources */,
				248AF1AE2D395A1B00620B7E /* MockNetworkManager.swift in Sources */,
			);
			runOnlyForDeploymentPostprocessing = 0;
		};
/* End PBXSourcesBuildPhase section */

/* Begin PBXTargetDependency section */
		248AF1572D38F0BD00620B7E /* PBXTargetDependency */ = {
			isa = PBXTargetDependency;
			target = 248AF1432D38F0B900620B7E /* CMECodeChallenge */;
			targetProxy = 248AF1562D38F0BD00620B7E /* PBXContainerItemProxy */;
		};
/* End PBXTargetDependency section */

/* Begin XCBuildConfiguration section */
		248AF1672D38F0BD00620B7E /* Debug */ = {
			isa = XCBuildConfiguration;
			buildSettings = {
				ALWAYS_SEARCH_USER_PATHS = NO;
				ASSETCATALOG_COMPILER_GENERATE_SWIFT_ASSET_SYMBOL_EXTENSIONS = YES;
				CLANG_ANALYZER_NONNULL = YES;
				CLANG_ANALYZER_NUMBER_OBJECT_CONVERSION = YES_AGGRESSIVE;
				CLANG_CXX_LANGUAGE_STANDARD = "gnu++20";
				CLANG_ENABLE_MODULES = YES;
				CLANG_ENABLE_OBJC_ARC = YES;
				CLANG_ENABLE_OBJC_WEAK = YES;
				CLANG_WARN_BLOCK_CAPTURE_AUTORELEASING = YES;
				CLANG_WARN_BOOL_CONVERSION = YES;
				CLANG_WARN_COMMA = YES;
				CLANG_WARN_CONSTANT_CONVERSION = YES;
				CLANG_WARN_DEPRECATED_OBJC_IMPLEMENTATIONS = YES;
				CLANG_WARN_DIRECT_OBJC_ISA_USAGE = YES_ERROR;
				CLANG_WARN_DOCUMENTATION_COMMENTS = YES;
				CLANG_WARN_EMPTY_BODY = YES;
				CLANG_WARN_ENUM_CONVERSION = YES;
				CLANG_WARN_INFINITE_RECURSION = YES;
				CLANG_WARN_INT_CONVERSION = YES;
				CLANG_WARN_NON_LITERAL_NULL_CONVERSION = YES;
				CLANG_WARN_OBJC_IMPLICIT_RETAIN_SELF = YES;
				CLANG_WARN_OBJC_LITERAL_CONVERSION = YES;
				CLANG_WARN_OBJC_ROOT_CLASS = YES_ERROR;
				CLANG_WARN_QUOTED_INCLUDE_IN_FRAMEWORK_HEADER = YES;
				CLANG_WARN_RANGE_LOOP_ANALYSIS = YES;
				CLANG_WARN_STRICT_PROTOTYPES = YES;
				CLANG_WARN_SUSPICIOUS_MOVE = YES;
				CLANG_WARN_UNGUARDED_AVAILABILITY = YES_AGGRESSIVE;
				CLANG_WARN_UNREACHABLE_CODE = YES;
				CLANG_WARN__DUPLICATE_METHOD_MATCH = YES;
				COPY_PHASE_STRIP = NO;
				DEBUG_INFORMATION_FORMAT = dwarf;
				ENABLE_STRICT_OBJC_MSGSEND = YES;
				ENABLE_TESTABILITY = YES;
				ENABLE_USER_SCRIPT_SANDBOXING = YES;
				GCC_C_LANGUAGE_STANDARD = gnu17;
				GCC_DYNAMIC_NO_PIC = NO;
				GCC_NO_COMMON_BLOCKS = YES;
				GCC_OPTIMIZATION_LEVEL = 0;
				GCC_PREPROCESSOR_DEFINITIONS = (
					"DEBUG=1",
					"$(inherited)",
				);
				GCC_WARN_64_TO_32_BIT_CONVERSION = YES;
				GCC_WARN_ABOUT_RETURN_TYPE = YES_ERROR;
				GCC_WARN_UNDECLARED_SELECTOR = YES;
				GCC_WARN_UNINITIALIZED_AUTOS = YES_AGGRESSIVE;
				GCC_WARN_UNUSED_FUNCTION = YES;
				GCC_WARN_UNUSED_VARIABLE = YES;
				LOCALIZATION_PREFERS_STRING_CATALOGS = YES;
				MTL_ENABLE_DEBUG_INFO = INCLUDE_SOURCE;
				MTL_FAST_MATH = YES;
				ONLY_ACTIVE_ARCH = YES;
				SWIFT_ACTIVE_COMPILATION_CONDITIONS = "DEBUG $(inherited)";
				SWIFT_OPTIMIZATION_LEVEL = "-Onone";
			};
			name = Debug;
		};
		248AF1682D38F0BD00620B7E /* Release */ = {
			isa = XCBuildConfiguration;
			buildSettings = {
				ALWAYS_SEARCH_USER_PATHS = NO;
				ASSETCATALOG_COMPILER_GENERATE_SWIFT_ASSET_SYMBOL_EXTENSIONS = YES;
				CLANG_ANALYZER_NONNULL = YES;
				CLANG_ANALYZER_NUMBER_OBJECT_CONVERSION = YES_AGGRESSIVE;
				CLANG_CXX_LANGUAGE_STANDARD = "gnu++20";
				CLANG_ENABLE_MODULES = YES;
				CLANG_ENABLE_OBJC_ARC = YES;
				CLANG_ENABLE_OBJC_WEAK = YES;
				CLANG_WARN_BLOCK_CAPTURE_AUTORELEASING = YES;
				CLANG_WARN_BOOL_CONVERSION = YES;
				CLANG_WARN_COMMA = YES;
				CLANG_WARN_CONSTANT_CONVERSION = YES;
				CLANG_WARN_DEPRECATED_OBJC_IMPLEMENTATIONS = YES;
				CLANG_WARN_DIRECT_OBJC_ISA_USAGE = YES_ERROR;
				CLANG_WARN_DOCUMENTATION_COMMENTS = YES;
				CLANG_WARN_EMPTY_BODY = YES;
				CLANG_WARN_ENUM_CONVERSION = YES;
				CLANG_WARN_INFINITE_RECURSION = YES;
				CLANG_WARN_INT_CONVERSION = YES;
				CLANG_WARN_NON_LITERAL_NULL_CONVERSION = YES;
				CLANG_WARN_OBJC_IMPLICIT_RETAIN_SELF = YES;
				CLANG_WARN_OBJC_LITERAL_CONVERSION = YES;
				CLANG_WARN_OBJC_ROOT_CLASS = YES_ERROR;
				CLANG_WARN_QUOTED_INCLUDE_IN_FRAMEWORK_HEADER = YES;
				CLANG_WARN_RANGE_LOOP_ANALYSIS = YES;
				CLANG_WARN_STRICT_PROTOTYPES = YES;
				CLANG_WARN_SUSPICIOUS_MOVE = YES;
				CLANG_WARN_UNGUARDED_AVAILABILITY = YES_AGGRESSIVE;
				CLANG_WARN_UNREACHABLE_CODE = YES;
				CLANG_WARN__DUPLICATE_METHOD_MATCH = YES;
				COPY_PHASE_STRIP = NO;
				DEBUG_INFORMATION_FORMAT = "dwarf-with-dsym";
				ENABLE_NS_ASSERTIONS = NO;
				ENABLE_STRICT_OBJC_MSGSEND = YES;
				ENABLE_USER_SCRIPT_SANDBOXING = YES;
				GCC_C_LANGUAGE_STANDARD = gnu17;
				GCC_NO_COMMON_BLOCKS = YES;
				GCC_WARN_64_TO_32_BIT_CONVERSION = YES;
				GCC_WARN_ABOUT_RETURN_TYPE = YES_ERROR;
				GCC_WARN_UNDECLARED_SELECTOR = YES;
				GCC_WARN_UNINITIALIZED_AUTOS = YES_AGGRESSIVE;
				GCC_WARN_UNUSED_FUNCTION = YES;
				GCC_WARN_UNUSED_VARIABLE = YES;
				LOCALIZATION_PREFERS_STRING_CATALOGS = YES;
				MTL_ENABLE_DEBUG_INFO = NO;
				MTL_FAST_MATH = YES;
				SWIFT_COMPILATION_MODE = wholemodule;
			};
			name = Release;
		};
		248AF16A2D38F0BD00620B7E /* Debug */ = {
			isa = XCBuildConfiguration;
			buildSettings = {
				ASSETCATALOG_COMPILER_APPICON_NAME = AppIcon;
				ASSETCATALOG_COMPILER_GLOBAL_ACCENT_COLOR_NAME = AccentColor;
				CODE_SIGN_ENTITLEMENTS = CMECodeChallenge/CMECodeChallenge.entitlements;
				CODE_SIGN_STYLE = Automatic;
				CURRENT_PROJECT_VERSION = 1;
				DEVELOPMENT_ASSET_PATHS = "\"CMECodeChallenge/Preview Content\"";
				DEVELOPMENT_TEAM = KB6TXDC42N;
				ENABLE_HARDENED_RUNTIME = YES;
				ENABLE_PREVIEWS = YES;
				GENERATE_INFOPLIST_FILE = YES;
				INFOPLIST_KEY_NSLocationAlwaysAndWhenInUseUsageDescription = "We need your location to determine your country.";
				INFOPLIST_KEY_NSLocationWhenInUseUsageDescription = "We need your location to determine your country.";
				"INFOPLIST_KEY_UIApplicationSceneManifest_Generation[sdk=iphoneos*]" = YES;
				"INFOPLIST_KEY_UIApplicationSceneManifest_Generation[sdk=iphonesimulator*]" = YES;
				"INFOPLIST_KEY_UIApplicationSupportsIndirectInputEvents[sdk=iphoneos*]" = YES;
				"INFOPLIST_KEY_UIApplicationSupportsIndirectInputEvents[sdk=iphonesimulator*]" = YES;
				"INFOPLIST_KEY_UILaunchScreen_Generation[sdk=iphoneos*]" = YES;
				"INFOPLIST_KEY_UILaunchScreen_Generation[sdk=iphonesimulator*]" = YES;
				"INFOPLIST_KEY_UIStatusBarStyle[sdk=iphoneos*]" = UIStatusBarStyleDefault;
				"INFOPLIST_KEY_UIStatusBarStyle[sdk=iphonesimulator*]" = UIStatusBarStyleDefault;
				INFOPLIST_KEY_UISupportedInterfaceOrientations_iPad = "UIInterfaceOrientationPortrait UIInterfaceOrientationPortraitUpsideDown UIInterfaceOrientationLandscapeLeft UIInterfaceOrientationLandscapeRight";
				INFOPLIST_KEY_UISupportedInterfaceOrientations_iPhone = "UIInterfaceOrientationPortrait UIInterfaceOrientationLandscapeLeft UIInterfaceOrientationLandscapeRight";
				IPHONEOS_DEPLOYMENT_TARGET = 17.0;
				LD_RUNPATH_SEARCH_PATHS = "@executable_path/Frameworks";
				"LD_RUNPATH_SEARCH_PATHS[sdk=macosx*]" = "@executable_path/../Frameworks";
				MACOSX_DEPLOYMENT_TARGET = 14.0;
				MARKETING_VERSION = 1.0;
				PRODUCT_BUNDLE_IDENTIFIER = "com.-AdvancedTesting.AT.CMECodeChallenge";
				PRODUCT_NAME = "$(TARGET_NAME)";
				SDKROOT = auto;
				SUPPORTED_PLATFORMS = "iphoneos iphonesimulator macosx";
				SWIFT_EMIT_LOC_STRINGS = YES;
				SWIFT_VERSION = 5.0;
				TARGETED_DEVICE_FAMILY = "1,2";
			};
			name = Debug;
		};
		248AF16B2D38F0BD00620B7E /* Release */ = {
			isa = XCBuildConfiguration;
			buildSettings = {
				ASSETCATALOG_COMPILER_APPICON_NAME = AppIcon;
				ASSETCATALOG_COMPILER_GLOBAL_ACCENT_COLOR_NAME = AccentColor;
				CODE_SIGN_ENTITLEMENTS = CMECodeChallenge/CMECodeChallenge.entitlements;
				CODE_SIGN_STYLE = Automatic;
				CURRENT_PROJECT_VERSION = 1;
				DEVELOPMENT_ASSET_PATHS = "\"CMECodeChallenge/Preview Content\"";
				DEVELOPMENT_TEAM = KB6TXDC42N;
				ENABLE_HARDENED_RUNTIME = YES;
				ENABLE_PREVIEWS = YES;
				GENERATE_INFOPLIST_FILE = YES;
				INFOPLIST_KEY_NSLocationAlwaysAndWhenInUseUsageDescription = "We need your location to determine your country.";
				INFOPLIST_KEY_NSLocationWhenInUseUsageDescription = "We need your location to determine your country.";
				"INFOPLIST_KEY_UIApplicationSceneManifest_Generation[sdk=iphoneos*]" = YES;
				"INFOPLIST_KEY_UIApplicationSceneManifest_Generation[sdk=iphonesimulator*]" = YES;
				"INFOPLIST_KEY_UIApplicationSupportsIndirectInputEvents[sdk=iphoneos*]" = YES;
				"INFOPLIST_KEY_UIApplicationSupportsIndirectInputEvents[sdk=iphonesimulator*]" = YES;
				"INFOPLIST_KEY_UILaunchScreen_Generation[sdk=iphoneos*]" = YES;
				"INFOPLIST_KEY_UILaunchScreen_Generation[sdk=iphonesimulator*]" = YES;
				"INFOPLIST_KEY_UIStatusBarStyle[sdk=iphoneos*]" = UIStatusBarStyleDefault;
				"INFOPLIST_KEY_UIStatusBarStyle[sdk=iphonesimulator*]" = UIStatusBarStyleDefault;
				INFOPLIST_KEY_UISupportedInterfaceOrientations_iPad = "UIInterfaceOrientationPortrait UIInterfaceOrientationPortraitUpsideDown UIInterfaceOrientationLandscapeLeft UIInterfaceOrientationLandscapeRight";
				INFOPLIST_KEY_UISupportedInterfaceOrientations_iPhone = "UIInterfaceOrientationPortrait UIInterfaceOrientationLandscapeLeft UIInterfaceOrientationLandscapeRight";
				IPHONEOS_DEPLOYMENT_TARGET = 17.0;
				LD_RUNPATH_SEARCH_PATHS = "@executable_path/Frameworks";
				"LD_RUNPATH_SEARCH_PATHS[sdk=macosx*]" = "@executable_path/../Frameworks";
				MACOSX_DEPLOYMENT_TARGET = 14.0;
				MARKETING_VERSION = 1.0;
				PRODUCT_BUNDLE_IDENTIFIER = "com.-AdvancedTesting.AT.CMECodeChallenge";
				PRODUCT_NAME = "$(TARGET_NAME)";
				SDKROOT = auto;
				SUPPORTED_PLATFORMS = "iphoneos iphonesimulator macosx";
				SWIFT_EMIT_LOC_STRINGS = YES;
				SWIFT_VERSION = 5.0;
				TARGETED_DEVICE_FAMILY = "1,2";
			};
			name = Release;
		};
		248AF16D2D38F0BD00620B7E /* Debug */ = {
			isa = XCBuildConfiguration;
			buildSettings = {
				ALWAYS_EMBED_SWIFT_STANDARD_LIBRARIES = YES;
				BUNDLE_LOADER = "$(TEST_HOST)";
				CODE_SIGN_STYLE = Automatic;
				CURRENT_PROJECT_VERSION = 1;
				DEVELOPMENT_TEAM = KB6TXDC42N;
				GENERATE_INFOPLIST_FILE = YES;
				IPHONEOS_DEPLOYMENT_TARGET = 17.0;
				MACOSX_DEPLOYMENT_TARGET = 14.0;
				MARKETING_VERSION = 1.0;
				PRODUCT_BUNDLE_IDENTIFIER = "com.-AdvancedTesting.AT.CMECodeChallengeTests";
				PRODUCT_NAME = "$(TARGET_NAME)";
				SDKROOT = auto;
				SUPPORTED_PLATFORMS = "iphoneos iphonesimulator macosx";
				SWIFT_EMIT_LOC_STRINGS = NO;
				SWIFT_VERSION = 5.0;
				TARGETED_DEVICE_FAMILY = "1,2";
				TEST_HOST = "$(BUILT_PRODUCTS_DIR)/CMECodeChallenge.app/$(BUNDLE_EXECUTABLE_FOLDER_PATH)/CMECodeChallenge";
			};
			name = Debug;
		};
		248AF16E2D38F0BD00620B7E /* Release */ = {
			isa = XCBuildConfiguration;
			buildSettings = {
				ALWAYS_EMBED_SWIFT_STANDARD_LIBRARIES = YES;
				BUNDLE_LOADER = "$(TEST_HOST)";
				CODE_SIGN_STYLE = Automatic;
				CURRENT_PROJECT_VERSION = 1;
				DEVELOPMENT_TEAM = KB6TXDC42N;
				GENERATE_INFOPLIST_FILE = YES;
				IPHONEOS_DEPLOYMENT_TARGET = 17.0;
				MACOSX_DEPLOYMENT_TARGET = 14.0;
				MARKETING_VERSION = 1.0;
				PRODUCT_BUNDLE_IDENTIFIER = "com.-AdvancedTesting.AT.CMECodeChallengeTests";
				PRODUCT_NAME = "$(TARGET_NAME)";
				SDKROOT = auto;
				SUPPORTED_PLATFORMS = "iphoneos iphonesimulator macosx";
				SWIFT_EMIT_LOC_STRINGS = NO;
				SWIFT_VERSION = 5.0;
				TARGETED_DEVICE_FAMILY = "1,2";
				TEST_HOST = "$(BUILT_PRODUCTS_DIR)/CMECodeChallenge.app/$(BUNDLE_EXECUTABLE_FOLDER_PATH)/CMECodeChallenge";
			};
			name = Release;
		};
/* End XCBuildConfiguration section */

/* Begin XCConfigurationList section */
		248AF13F2D38F0B900620B7E /* Build configuration list for PBXProject "CMECodeChallenge" */ = {
			isa = XCConfigurationList;
			buildConfigurations = (
				248AF1672D38F0BD00620B7E /* Debug */,
				248AF1682D38F0BD00620B7E /* Release */,
			);
			defaultConfigurationIsVisible = 0;
			defaultConfigurationName = Release;
		};
		248AF1692D38F0BD00620B7E /* Build configuration list for PBXNativeTarget "CMECodeChallenge" */ = {
			isa = XCConfigurationList;
			buildConfigurations = (
				248AF16A2D38F0BD00620B7E /* Debug */,
				248AF16B2D38F0BD00620B7E /* Release */,
			);
			defaultConfigurationIsVisible = 0;
			defaultConfigurationName = Release;
		};
		248AF16C2D38F0BD00620B7E /* Build configuration list for PBXNativeTarget "CMECodeChallengeTests" */ = {
			isa = XCConfigurationList;
			buildConfigurations = (
				248AF16D2D38F0BD00620B7E /* Debug */,
				248AF16E2D38F0BD00620B7E /* Release */,
			);
			defaultConfigurationIsVisible = 0;
			defaultConfigurationName = Release;
		};
/* End XCConfigurationList section */
	};
	rootObject = 248AF13C2D38F0B900620B7E /* Project object */;
}
